
Microsoft Visual Studio Solution File, Format Version 12.00
# Visual Studio Version 17
VisualStudioVersion = 17.12.35728.132 d17.12
MinimumVisualStudioVersion = 10.0.40219.1
Project("{FAE04EC0-301F-11D3-BF4B-00C04F79EFBC}") = "TaskControl.API", "TaskControl.API\TaskControl.API.csproj", "{5FEFA899-A079-4A63-B009-20826AA14E3C}"
EndProject
Project("{FAE04EC0-301F-11D3-BF4B-00C04F79EFBC}") = "TaskControl.Infrastructure", "TaskControl.Infrastructure\TaskControl.Infrastructure.csproj", "{3C9E54CF-681A-4F57-A377-5B30AD8D08D4}"
EndProject
Project("{FAE04EC0-301F-11D3-BF4B-00C04F79EFBC}") = "TaskControl.Application", "TaskControl.Application\TaskControl.Application.csproj", "{A079D8F5-2861-4374-93C2-7C12157AFF8C}"
EndProject
Project("{FAE04EC0-301F-11D3-BF4B-00C04F79EFBC}") = "TaskControl.Domain", "TaskControl.Domain\TaskControl.Domain.csproj", "{0C4DFAAC-9236-4E15-BD97-8875267351A1}"
EndProject
Global
	GlobalSection(SolutionConfigurationPlatforms) = preSolution
		Debug|Any CPU = Debug|Any CPU
		Release|Any CPU = Release|Any CPU
	EndGlobalSection
	GlobalSection(ProjectConfigurationPlatforms) = postSolution
		{5FEFA899-A079-4A63-B009-20826AA14E3C}.Debug|Any CPU.ActiveCfg = Debug|Any CPU
		{5FEFA899-A079-4A63-B009-20826AA14E3C}.Debug|Any CPU.Build.0 = Debug|Any CPU
		{5FEFA899-A079-4A63-B009-20826AA14E3C}.Release|Any CPU.ActiveCfg = Release|Any CPU
		{5FEFA899-A079-4A63-B009-20826AA14E3C}.Release|Any CPU.Build.0 = Release|Any CPU
		{3C9E54CF-681A-4F57-A377-5B30AD8D08D4}.Debug|Any CPU.ActiveCfg = Debug|Any CPU
		{3C9E54CF-681A-4F57-A377-5B30AD8D08D4}.Debug|Any CPU.Build.0 = Debug|Any CPU
		{3C9E54CF-681A-4F57-A377-5B30AD8D08D4}.Release|Any CPU.ActiveCfg = Release|Any CPU
		{3C9E54CF-681A-4F57-A377-5B30AD8D08D4}.Release|Any CPU.Build.0 = Release|Any CPU
		{A079D8F5-2861-4374-93C2-7C12157AFF8C}.Debug|Any CPU.ActiveCfg = Debug|Any CPU
		{A079D8F5-2861-4374-93C2-7C12157AFF8C}.Debug|Any CPU.Build.0 = Debug|Any CPU
		{A079D8F5-2861-4374-93C2-7C12157AFF8C}.Release|Any CPU.ActiveCfg = Release|Any CPU
		{A079D8F5-2861-4374-93C2-7C12157AFF8C}.Release|Any CPU.Build.0 = Release|Any CPU
		{0C4DFAAC-9236-4E15-BD97-8875267351A1}.Debug|Any CPU.ActiveCfg = Debug|Any CPU
		{0C4DFAAC-9236-4E15-BD97-8875267351A1}.Debug|Any CPU.Build.0 = Debug|Any CPU
		{0C4DFAAC-9236-4E15-BD97-8875267351A1}.Release|Any CPU.ActiveCfg = Release|Any CPU
		{0C4DFAAC-9236-4E15-BD97-8875267351A1}.Release|Any CPU.Build.0 = Release|Any CPU
	EndGlobalSection
	GlobalSection(SolutionProperties) = preSolution
		HideSolutionNode = FALSE
	EndGlobalSection
EndGlobal
